
Microsoft Visual Studio Solution File, Format Version 12.00
# Visual Studio Version 17
VisualStudioVersion = 17.5.33516.290
MinimumVisualStudioVersion = 10.0.40219.1
Project("{9A19103F-16F7-4668-BE54-9A1E7A4F7556}") = "AutomataTest", "AutomataTest\AutomataTest.csproj", "{EA99CE1F-1E34-497B-87C6-A46118529499}"
EndProject
Project("{9A19103F-16F7-4668-BE54-9A1E7A4F7556}") = "AutomataUI", "AutomataUI\AutomataUI.csproj", "{7D26F331-BF4F-47C0-B58D-602FF595264F}"
EndProject
Project("{9A19103F-16F7-4668-BE54-9A1E7A4F7556}") = "Application", "Application\Application.csproj", "{CE39C096-F174-4927-8ECF-36EB92D2016D}"
EndProject
Project("{9A19103F-16F7-4668-BE54-9A1E7A4F7556}") = "Infrastructure", "Infrastructure\Infrastructure.csproj", "{45D8433A-83AF-4347-88D9-1ADCD07E9B0A}"
EndProject
Project("{9A19103F-16F7-4668-BE54-9A1E7A4F7556}") = "DotFormat", "DotFormat\DotFormat.csproj", "{36EA5336-402A-441C-AD77-FBFED4F37FD3}"
EndProject
Project("{9A19103F-16F7-4668-BE54-9A1E7A4F7556}") = "Domain", "Domain\Domain.csproj", "{50C70153-CD74-447A-8A73-441CF207E9E8}"
EndProject
Global
	GlobalSection(SolutionConfigurationPlatforms) = preSolution
		Debug|Any CPU = Debug|Any CPU
		Debug|x86 = Debug|x86
		Release|Any CPU = Release|Any CPU
		Release|x86 = Release|x86
	EndGlobalSection
	GlobalSection(ProjectConfigurationPlatforms) = postSolution
		{EA99CE1F-1E34-497B-87C6-A46118529499}.Debug|Any CPU.ActiveCfg = Debug|Any CPU
		{EA99CE1F-1E34-497B-87C6-A46118529499}.Debug|Any CPU.Build.0 = Debug|Any CPU
		{EA99CE1F-1E34-497B-87C6-A46118529499}.Debug|x86.ActiveCfg = Debug|Any CPU
		{EA99CE1F-1E34-497B-87C6-A46118529499}.Debug|x86.Build.0 = Debug|Any CPU
		{EA99CE1F-1E34-497B-87C6-A46118529499}.Release|Any CPU.ActiveCfg = Release|Any CPU
		{EA99CE1F-1E34-497B-87C6-A46118529499}.Release|Any CPU.Build.0 = Release|Any CPU
		{EA99CE1F-1E34-497B-87C6-A46118529499}.Release|x86.ActiveCfg = Release|Any CPU
		{EA99CE1F-1E34-497B-87C6-A46118529499}.Release|x86.Build.0 = Release|Any CPU
		{7D26F331-BF4F-47C0-B58D-602FF595264F}.Debug|Any CPU.ActiveCfg = Debug|Any CPU
		{7D26F331-BF4F-47C0-B58D-602FF595264F}.Debug|Any CPU.Build.0 = Debug|Any CPU
		{7D26F331-BF4F-47C0-B58D-602FF595264F}.Debug|x86.ActiveCfg = Debug|Any CPU
		{7D26F331-BF4F-47C0-B58D-602FF595264F}.Debug|x86.Build.0 = Debug|Any CPU
		{7D26F331-BF4F-47C0-B58D-602FF595264F}.Release|Any CPU.ActiveCfg = Release|Any CPU
		{7D26F331-BF4F-47C0-B58D-602FF595264F}.Release|Any CPU.Build.0 = Release|Any CPU
		{7D26F331-BF4F-47C0-B58D-602FF595264F}.Release|x86.ActiveCfg = Release|Any CPU
		{7D26F331-BF4F-47C0-B58D-602FF595264F}.Release|x86.Build.0 = Release|Any CPU
		{CE39C096-F174-4927-8ECF-36EB92D2016D}.Debug|Any CPU.ActiveCfg = Debug|Any CPU
		{CE39C096-F174-4927-8ECF-36EB92D2016D}.Debug|Any CPU.Build.0 = Debug|Any CPU
		{CE39C096-F174-4927-8ECF-36EB92D2016D}.Debug|x86.ActiveCfg = Debug|Any CPU
		{CE39C096-F174-4927-8ECF-36EB92D2016D}.Debug|x86.Build.0 = Debug|Any CPU
		{CE39C096-F174-4927-8ECF-36EB92D2016D}.Release|Any CPU.ActiveCfg = Release|Any CPU
		{CE39C096-F174-4927-8ECF-36EB92D2016D}.Release|Any CPU.Build.0 = Release|Any CPU
		{CE39C096-F174-4927-8ECF-36EB92D2016D}.Release|x86.ActiveCfg = Release|Any CPU
		{CE39C096-F174-4927-8ECF-36EB92D2016D}.Release|x86.Build.0 = Release|Any CPU
		{45D8433A-83AF-4347-88D9-1ADCD07E9B0A}.Debug|Any CPU.ActiveCfg = Debug|Any CPU
		{45D8433A-83AF-4347-88D9-1ADCD07E9B0A}.Debug|Any CPU.Build.0 = Debug|Any CPU
		{45D8433A-83AF-4347-88D9-1ADCD07E9B0A}.Debug|x86.ActiveCfg = Debug|Any CPU
		{45D8433A-83AF-4347-88D9-1ADCD07E9B0A}.Debug|x86.Build.0 = Debug|Any CPU
		{45D8433A-83AF-4347-88D9-1ADCD07E9B0A}.Release|Any CPU.ActiveCfg = Release|Any CPU
		{45D8433A-83AF-4347-88D9-1ADCD07E9B0A}.Release|Any CPU.Build.0 = Release|Any CPU
		{45D8433A-83AF-4347-88D9-1ADCD07E9B0A}.Release|x86.ActiveCfg = Release|Any CPU
		{45D8433A-83AF-4347-88D9-1ADCD07E9B0A}.Release|x86.Build.0 = Release|Any CPU
		{36EA5336-402A-441C-AD77-FBFED4F37FD3}.Debug|Any CPU.ActiveCfg = Debug|Any CPU
		{36EA5336-402A-441C-AD77-FBFED4F37FD3}.Debug|Any CPU.Build.0 = Debug|Any CPU
		{36EA5336-402A-441C-AD77-FBFED4F37FD3}.Debug|x86.ActiveCfg = Debug|Any CPU
		{36EA5336-402A-441C-AD77-FBFED4F37FD3}.Debug|x86.Build.0 = Debug|Any CPU
		{36EA5336-402A-441C-AD77-FBFED4F37FD3}.Release|Any CPU.ActiveCfg = Release|Any CPU
		{36EA5336-402A-441C-AD77-FBFED4F37FD3}.Release|Any CPU.Build.0 = Release|Any CPU
		{36EA5336-402A-441C-AD77-FBFED4F37FD3}.Release|x86.ActiveCfg = Release|Any CPU
		{36EA5336-402A-441C-AD77-FBFED4F37FD3}.Release|x86.Build.0 = Release|Any CPU
		{50C70153-CD74-447A-8A73-441CF207E9E8}.Debug|Any CPU.ActiveCfg = Debug|Any CPU
		{50C70153-CD74-447A-8A73-441CF207E9E8}.Debug|Any CPU.Build.0 = Debug|Any CPU
		{50C70153-CD74-447A-8A73-441CF207E9E8}.Debug|x86.ActiveCfg = Debug|Any CPU
		{50C70153-CD74-447A-8A73-441CF207E9E8}.Debug|x86.Build.0 = Debug|Any CPU
		{50C70153-CD74-447A-8A73-441CF207E9E8}.Release|Any CPU.ActiveCfg = Release|Any CPU
		{50C70153-CD74-447A-8A73-441CF207E9E8}.Release|Any CPU.Build.0 = Release|Any CPU
		{50C70153-CD74-447A-8A73-441CF207E9E8}.Release|x86.ActiveCfg = Release|Any CPU
		{50C70153-CD74-447A-8A73-441CF207E9E8}.Release|x86.Build.0 = Release|Any CPU
	EndGlobalSection
	GlobalSection(SolutionProperties) = preSolution
		HideSolutionNode = FALSE
	EndGlobalSection
	GlobalSection(ExtensibilityGlobals) = postSolution
		SolutionGuid = {60B26D27-110C-4DA6-BD56-AE3E1ECDFFF3}
	EndGlobalSection
EndGlobal
